// !$*UTF8*$!
{
	archiveVersion = 1;
	classes = {
	};
	objectVersion = 50;
	objects = {

/* Begin PBXBuildFile section */
		5B2F18592176BDDE003D9252 /* LaunchScreen.storyboard in Resources */ = {isa = PBXBuildFile; fileRef = 5B2F18572176BDDD003D9252 /* LaunchScreen.storyboard */; };
		5B2F185A2176BDDE003D9252 /* Main.storyboard in Resources */ = {isa = PBXBuildFile; fileRef = 5B2F18582176BDDD003D9252 /* Main.storyboard */; };
		5BADFACC216C33CB007D54FE /* Constants.swift in Sources */ = {isa = PBXBuildFile; fileRef = 5BADFACB216C33CB007D54FE /* Constants.swift */; };
		5BADFACE216C35A0007D54FE /* VirtualTouristService.swift in Sources */ = {isa = PBXBuildFile; fileRef = 5BADFACD216C35A0007D54FE /* VirtualTouristService.swift */; };
		5BADFAD0216EE2E7007D54FE /* DataController.swift in Sources */ = {isa = PBXBuildFile; fileRef = 5BADFACF216EE2E7007D54FE /* DataController.swift */; };
		5BADFAD22174211E007D54FE /* PhotoCollectionViewCell.swift in Sources */ = {isa = PBXBuildFile; fileRef = 5BADFAD12174211E007D54FE /* PhotoCollectionViewCell.swift */; };
		5BB53D54216459AE002F8202 /* AppDelegate.swift in Sources */ = {isa = PBXBuildFile; fileRef = 5BB53D53216459AE002F8202 /* AppDelegate.swift */; };
		5BB53D5E216459B0002F8202 /* Assets.xcassets in Resources */ = {isa = PBXBuildFile; fileRef = 5BB53D5D216459B0002F8202 /* Assets.xcassets */; };
		5BBB2DA421666E62003BE0D5 /* MapViewController.swift in Sources */ = {isa = PBXBuildFile; fileRef = 5BBB2DA321666E62003BE0D5 /* MapViewController.swift */; };
		5BBB2DA621668193003BE0D5 /* PhotoAlbumViewController.swift in Sources */ = {isa = PBXBuildFile; fileRef = 5BBB2DA521668193003BE0D5 /* PhotoAlbumViewController.swift */; };
		5BE03DFE2184B8000061BFC4 /* Virtual_Tourist.xcdatamodeld in Sources */ = {isa = PBXBuildFile; fileRef = 5BE03DFB2184B7FF0061BFC4 /* Virtual_Tourist.xcdatamodeld */; };
/* End PBXBuildFile section */

/* Begin PBXFileReference section */
		5B2F18572176BDDD003D9252 /* LaunchScreen.storyboard */ = {isa = PBXFileReference; fileEncoding = 4; lastKnownFileType = file.storyboard; name = LaunchScreen.storyboard; path = "Virtual Tourist/view/LaunchScreen.storyboard"; sourceTree = SOURCE_ROOT; };
		5B2F18582176BDDD003D9252 /* Main.storyboard */ = {isa = PBXFileReference; fileEncoding = 4; lastKnownFileType = file.storyboard; name = Main.storyboard; path = "Virtual Tourist/view/Main.storyboard"; sourceTree = SOURCE_ROOT; };
		5BADFACB216C33CB007D54FE /* Constants.swift */ = {isa = PBXFileReference; lastKnownFileType = sourcecode.swift; path = Constants.swift; sourceTree = "<group>"; };
		5BADFACD216C35A0007D54FE /* VirtualTouristService.swift */ = {isa = PBXFileReference; lastKnownFileType = sourcecode.swift; path = VirtualTouristService.swift; sourceTree = "<group>"; };
		5BADFACF216EE2E7007D54FE /* DataController.swift */ = {isa = PBXFileReference; lastKnownFileType = sourcecode.swift; path = DataController.swift; sourceTree = "<group>"; };
		5BADFAD12174211E007D54FE /* PhotoCollectionViewCell.swift */ = {isa = PBXFileReference; lastKnownFileType = sourcecode.swift; path = PhotoCollectionViewCell.swift; sourceTree = "<group>"; };
		5BB53D50216459AE002F8202 /* Virtual Tourist.app */ = {isa = PBXFileReference; explicitFileType = wrapper.application; includeInIndex = 0; path = "Virtual Tourist.app"; sourceTree = BUILT_PRODUCTS_DIR; };
		5BB53D53216459AE002F8202 /* AppDelegate.swift */ = {isa = PBXFileReference; lastKnownFileType = sourcecode.swift; path = AppDelegate.swift; sourceTree = "<group>"; };
		5BB53D5D216459B0002F8202 /* Assets.xcassets */ = {isa = PBXFileReference; lastKnownFileType = folder.assetcatalog; path = Assets.xcassets; sourceTree = "<group>"; };
		5BB53D62216459B0002F8202 /* Info.plist */ = {isa = PBXFileReference; lastKnownFileType = text.plist.xml; path = Info.plist; sourceTree = "<group>"; };
		5BBB2DA321666E62003BE0D5 /* MapViewController.swift */ = {isa = PBXFileReference; lastKnownFileType = sourcecode.swift; path = MapViewController.swift; sourceTree = "<group>"; };
		5BBB2DA521668193003BE0D5 /* PhotoAlbumViewController.swift */ = {isa = PBXFileReference; lastKnownFileType = sourcecode.swift; path = PhotoAlbumViewController.swift; sourceTree = "<group>"; };
		5BE03DFC2184B7FF0061BFC4 /* Virtual_Tourist.xcdatamodel */ = {isa = PBXFileReference; lastKnownFileType = wrapper.xcdatamodel; path = Virtual_Tourist.xcdatamodel; sourceTree = "<group>"; };
/* End PBXFileReference section */

/* Begin PBXFrameworksBuildPhase section */
		5BB53D4D216459AE002F8202 /* Frameworks */ = {
			isa = PBXFrameworksBuildPhase;
			buildActionMask = 2147483647;
			files = (
			);
			runOnlyForDeploymentPostprocessing = 0;
		};
/* End PBXFrameworksBuildPhase section */

/* Begin PBXGroup section */
		5B2F18562176BD7A003D9252 /* view */ = {
			isa = PBXGroup;
			children = (
				5B2F18572176BDDD003D9252 /* LaunchScreen.storyboard */,
				5B2F18582176BDDD003D9252 /* Main.storyboard */,
			);
			name = view;
			path = "New Group";
			sourceTree = "<group>";
		};
		5BB53D47216459AE002F8202 = {
			isa = PBXGroup;
			children = (
				5BB53D52216459AE002F8202 /* Virtual Tourist */,
				5BB53D51216459AE002F8202 /* Products */,
			);
			sourceTree = "<group>";
		};
		5BB53D51216459AE002F8202 /* Products */ = {
			isa = PBXGroup;
			children = (
				5BB53D50216459AE002F8202 /* Virtual Tourist.app */,
			);
			name = Products;
			sourceTree = "<group>";
		};
		5BB53D52216459AE002F8202 /* Virtual Tourist */ = {
			isa = PBXGroup;
			children = (
				5BBEF4652184FF5800D5E132 /* resources */,
				5B2F18562176BD7A003D9252 /* view */,
				5BB53D53216459AE002F8202 /* AppDelegate.swift */,
				5BB53D62216459B0002F8202 /* Info.plist */,
				5BBB2DA321666E62003BE0D5 /* MapViewController.swift */,
				5BBB2DA521668193003BE0D5 /* PhotoAlbumViewController.swift */,
				5BADFACB216C33CB007D54FE /* Constants.swift */,
				5BADFACD216C35A0007D54FE /* VirtualTouristService.swift */,
				5BADFACF216EE2E7007D54FE /* DataController.swift */,
				5BADFAD12174211E007D54FE /* PhotoCollectionViewCell.swift */,
			);
			path = "Virtual Tourist";
			sourceTree = "<group>";
		};
		5BBEF4652184FF5800D5E132 /* resources */ = {
			isa = PBXGroup;
			children = (
				5BE03DFB2184B7FF0061BFC4 /* Virtual_Tourist.xcdatamodeld */,
				5BB53D5D216459B0002F8202 /* Assets.xcassets */,
			);
			path = resources;
			sourceTree = "<group>";
		};
/* End PBXGroup section */

/* Begin PBXNativeTarget section */
		5BB53D4F216459AE002F8202 /* Virtual Tourist */ = {
			isa = PBXNativeTarget;
			buildConfigurationList = 5BB53D65216459B0002F8202 /* Build configuration list for PBXNativeTarget "Virtual Tourist" */;
			buildPhases = (
				5BB53D4C216459AE002F8202 /* Sources */,
				5BB53D4D216459AE002F8202 /* Frameworks */,
				5BB53D4E216459AE002F8202 /* Resources */,
			);
			buildRules = (
			);
			dependencies = (
			);
			name = "Virtual Tourist";
			productName = "Virtual Tourist";
			productReference = 5BB53D50216459AE002F8202 /* Virtual Tourist.app */;
			productType = "com.apple.product-type.application";
		};
/* End PBXNativeTarget section */

/* Begin PBXProject section */
		5BB53D48216459AE002F8202 /* Project object */ = {
			isa = PBXProject;
			attributes = {
				LastSwiftUpdateCheck = 1000;
				LastUpgradeCheck = 1000;
				ORGANIZATIONNAME = Rodrigo;
				TargetAttributes = {
					5BB53D4F216459AE002F8202 = {
						CreatedOnToolsVersion = 10.0;
					};
				};
			};
			buildConfigurationList = 5BB53D4B216459AE002F8202 /* Build configuration list for PBXProject "Virtual Tourist" */;
			compatibilityVersion = "Xcode 9.3";
			developmentRegion = en;
			hasScannedForEncodings = 0;
			knownRegions = (
				en,
				Base,
			);
			mainGroup = 5BB53D47216459AE002F8202;
			productRefGroup = 5BB53D51216459AE002F8202 /* Products */;
			projectDirPath = "";
			projectRoot = "";
			targets = (
				5BB53D4F216459AE002F8202 /* Virtual Tourist */,
			);
		};
/* End PBXProject section */

/* Begin PBXResourcesBuildPhase section */
		5BB53D4E216459AE002F8202 /* Resources */ = {
			isa = PBXResourcesBuildPhase;
			buildActionMask = 2147483647;
			files = (
				5B2F185A2176BDDE003D9252 /* Main.storyboard in Resources */,
				5BB53D5E216459B0002F8202 /* Assets.xcassets in Resources */,
				5B2F18592176BDDE003D9252 /* LaunchScreen.storyboard in Resources */,
			);
			runOnlyForDeploymentPostprocessing = 0;
		};
/* End PBXResourcesBuildPhase section */

/* Begin PBXSourcesBuildPhase section */
		5BB53D4C216459AE002F8202 /* Sources */ = {
			isa = PBXSourcesBuildPhase;
			buildActionMask = 2147483647;
			files = (
				5BADFACE216C35A0007D54FE /* VirtualTouristService.swift in Sources */,
				5BBB2DA621668193003BE0D5 /* PhotoAlbumViewController.swift in Sources */,
				5BB53D54216459AE002F8202 /* AppDelegate.swift in Sources */,
				5BADFAD22174211E007D54FE /* PhotoCollectionViewCell.swift in Sources */,
				5BE03DFE2184B8000061BFC4 /* Virtual_Tourist.xcdatamodeld in Sources */,
				5BADFAD0216EE2E7007D54FE /* DataController.swift in Sources */,
				5BBB2DA421666E62003BE0D5 /* MapViewController.swift in Sources */,
				5BADFACC216C33CB007D54FE /* Constants.swift in Sources */,
			);
			runOnlyForDeploymentPostprocessing = 0;
		};
/* End PBXSourcesBuildPhase section */

/* Begin XCBuildConfiguration section */
		5BB53D63216459B0002F8202 /* Debug */ = {
			isa = XCBuildConfiguration;
			buildSettings = {
				ALWAYS_SEARCH_USER_PATHS = NO;
				CLANG_ANALYZER_NONNULL = YES;
				CLANG_ANALYZER_NUMBER_OBJECT_CONVERSION = YES_AGGRESSIVE;
				CLANG_CXX_LANGUAGE_STANDARD = "gnu++14";
				CLANG_CXX_LIBRARY = "libc++";
				CLANG_ENABLE_MODULES = YES;
				CLANG_ENABLE_OBJC_ARC = YES;
				CLANG_ENABLE_OBJC_WEAK = YES;
				CLANG_WARN_BLOCK_CAPTURE_AUTORELEASING = YES;
				CLANG_WARN_BOOL_CONVERSION = YES;
				CLANG_WARN_COMMA = YES;
				CLANG_WARN_CONSTANT_CONVERSION = YES;
				CLANG_WARN_DEPRECATED_OBJC_IMPLEMENTATIONS = YES;
				CLANG_WARN_DIRECT_OBJC_ISA_USAGE = YES_ERROR;
				CLANG_WARN_DOCUMENTATION_COMMENTS = YES;
				CLANG_WARN_EMPTY_BODY = YES;
				CLANG_WARN_ENUM_CONVERSION = YES;
				CLANG_WARN_INFINITE_RECURSION = YES;
				CLANG_WARN_INT_CONVERSION = YES;
				CLANG_WARN_NON_LITERAL_NULL_CONVERSION = YES;
				CLANG_WARN_OBJC_IMPLICIT_RETAIN_SELF = YES;
				CLANG_WARN_OBJC_LITERAL_CONVERSION = YES;
				CLANG_WARN_OBJC_ROOT_CLASS = YES_ERROR;
				CLANG_WARN_RANGE_LOOP_ANALYSIS = YES;
				CLANG_WARN_STRICT_PROTOTYPES = YES;
				CLANG_WARN_SUSPICIOUS_MOVE = YES;
				CLANG_WARN_UNGUARDED_AVAILABILITY = YES_AGGRESSIVE;
				CLANG_WARN_UNREACHABLE_CODE = YES;
				CLANG_WARN__DUPLICATE_METHOD_MATCH = YES;
				CODE_SIGN_IDENTITY = "iPhone Developer";
				COPY_PHASE_STRIP = NO;
				DEBUG_INFORMATION_FORMAT = dwarf;
				ENABLE_STRICT_OBJC_MSGSEND = YES;
				ENABLE_TESTABILITY = YES;
				GCC_C_LANGUAGE_STANDARD = gnu11;
				GCC_DYNAMIC_NO_PIC = NO;
				GCC_NO_COMMON_BLOCKS = YES;
				GCC_OPTIMIZATION_LEVEL = 0;
				GCC_PREPROCESSOR_DEFINITIONS = (
					"DEBUG=1",
					"$(inherited)",
				);
				GCC_WARN_64_TO_32_BIT_CONVERSION = YES;
				GCC_WARN_ABOUT_RETURN_TYPE = YES_ERROR;
				GCC_WARN_UNDECLARED_SELECTOR = YES;
				GCC_WARN_UNINITIALIZED_AUTOS = YES_AGGRESSIVE;
				GCC_WARN_UNUSED_FUNCTION = YES;
				GCC_WARN_UNUSED_VARIABLE = YES;
				IPHONEOS_DEPLOYMENT_TARGET = 10.3;
				MTL_ENABLE_DEBUG_INFO = INCLUDE_SOURCE;
				MTL_FAST_MATH = YES;
				ONLY_ACTIVE_ARCH = YES;
				SDKROOT = iphoneos;
				SWIFT_ACTIVE_COMPILATION_CONDITIONS = DEBUG;
				SWIFT_OPTIMIZATION_LEVEL = "-Onone";
			};
			name = Debug;
		};
		5BB53D64216459B0002F8202 /* Release */ = {
			isa = XCBuildConfiguration;
			buildSettings = {
				ALWAYS_SEARCH_USER_PATHS = NO;
				CLANG_ANALYZER_NONNULL = YES;
				CLANG_ANALYZER_NUMBER_OBJECT_CONVERSION = YES_AGGRESSIVE;
				CLANG_CXX_LANGUAGE_STANDARD = "gnu++14";
				CLANG_CXX_LIBRARY = "libc++";
				CLANG_ENABLE_MODULES = YES;
				CLANG_ENABLE_OBJC_ARC = YES;
				CLANG_ENABLE_OBJC_WEAK = YES;
				CLANG_WARN_BLOCK_CAPTURE_AUTORELEASING = YES;
				CLANG_WARN_BOOL_CONVERSION = YES;
				CLANG_WARN_COMMA = YES;
				CLANG_WARN_CONSTANT_CONVERSION = YES;
				CLANG_WARN_DEPRECATED_OBJC_IMPLEMENTATIONS = YES;
				CLANG_WARN_DIRECT_OBJC_ISA_USAGE = YES_ERROR;
				CLANG_WARN_DOCUMENTATION_COMMENTS = YES;
				CLANG_WARN_EMPTY_BODY = YES;
				CLANG_WARN_ENUM_CONVERSION = YES;
				CLANG_WARN_INFINITE_RECURSION = YES;
				CLANG_WARN_INT_CONVERSION = YES;
				CLANG_WARN_NON_LITERAL_NULL_CONVERSION = YES;
				CLANG_WARN_OBJC_IMPLICIT_RETAIN_SELF = YES;
				CLANG_WARN_OBJC_LITERAL_CONVERSION = YES;
				CLANG_WARN_OBJC_ROOT_CLASS = YES_ERROR;
				CLANG_WARN_RANGE_LOOP_ANALYSIS = YES;
				CLANG_WARN_STRICT_PROTOTYPES = YES;
				CLANG_WARN_SUSPICIOUS_MOVE = YES;
				CLANG_WARN_UNGUARDED_AVAILABILITY = YES_AGGRESSIVE;
				CLANG_WARN_UNREACHABLE_CODE = YES;
				CLANG_WARN__DUPLICATE_METHOD_MATCH = YES;
				CODE_SIGN_IDENTITY = "iPhone Developer";
				COPY_PHASE_STRIP = NO;
				DEBUG_INFORMATION_FORMAT = "dwarf-with-dsym";
				ENABLE_NS_ASSERTIONS = NO;
				ENABLE_STRICT_OBJC_MSGSEND = YES;
				GCC_C_LANGUAGE_STANDARD = gnu11;
				GCC_NO_COMMON_BLOCKS = YES;
				GCC_WARN_64_TO_32_BIT_CONVERSION = YES;
				GCC_WARN_ABOUT_RETURN_TYPE = YES_ERROR;
				GCC_WARN_UNDECLARED_SELECTOR = YES;
				GCC_WARN_UNINITIALIZED_AUTOS = YES_AGGRESSIVE;
				GCC_WARN_UNUSED_FUNCTION = YES;
				GCC_WARN_UNUSED_VARIABLE = YES;
				IPHONEOS_DEPLOYMENT_TARGET = 10.3;
				MTL_ENABLE_DEBUG_INFO = NO;
				MTL_FAST_MATH = YES;
				SDKROOT = iphoneos;
				SWIFT_COMPILATION_MODE = wholemodule;
				SWIFT_OPTIMIZATION_LEVEL = "-O";
				VALIDATE_PRODUCT = YES;
			};
			name = Release;
		};
		5BB53D66216459B0002F8202 /* Debug */ = {
			isa = XCBuildConfiguration;
			buildSettings = {
				ASSETCATALOG_COMPILER_APPICON_NAME = AppIcon;
				CODE_SIGN_STYLE = Automatic;
				DEVELOPMENT_TEAM = 4DYB2KBBAW;
				INFOPLIST_FILE = "Virtual Tourist/Info.plist";
				LD_RUNPATH_SEARCH_PATHS = (
					"$(inherited)",
					"@executable_path/Frameworks",
				);
				PRODUCT_BUNDLE_IDENTIFIER = udacityVirtualTourist;
				PRODUCT_NAME = "$(TARGET_NAME)";
				SWIFT_VERSION = 4.2;
				TARGETED_DEVICE_FAMILY = "1,2";
			};
			name = Debug;
		};
		5BB53D67216459B0002F8202 /* Release */ = {
			isa = XCBuildConfiguration;
			buildSettings = {
				ASSETCATALOG_COMPILER_APPICON_NAME = AppIcon;
				CODE_SIGN_STYLE = Automatic;
				DEVELOPMENT_TEAM = 4DYB2KBBAW;
				INFOPLIST_FILE = "Virtual Tourist/Info.plist";
				LD_RUNPATH_SEARCH_PATHS = (
					"$(inherited)",
					"@executable_path/Frameworks",
				);
				PRODUCT_BUNDLE_IDENTIFIER = udacityVirtualTourist;
				PRODUCT_NAME = "$(TARGET_NAME)";
				SWIFT_VERSION = 4.2;
				TARGETED_DEVICE_FAMILY = "1,2";
			};
			name = Release;
		};
/* End XCBuildConfiguration section */

/* Begin XCConfigurationList section */
		5BB53D4B216459AE002F8202 /* Build configuration list for PBXProject "Virtual Tourist" */ = {
			isa = XCConfigurationList;
			buildConfigurations = (
				5BB53D63216459B0002F8202 /* Debug */,
				5BB53D64216459B0002F8202 /* Release */,
			);
			defaultConfigurationIsVisible = 0;
			defaultConfigurationName = Release;
		};
		5BB53D65216459B0002F8202 /* Build configuration list for PBXNativeTarget "Virtual Tourist" */ = {
			isa = XCConfigurationList;
			buildConfigurations = (
				5BB53D66216459B0002F8202 /* Debug */,
				5BB53D67216459B0002F8202 /* Release */,
			);
			defaultConfigurationIsVisible = 0;
			defaultConfigurationName = Release;
		};
/* End XCConfigurationList section */

/* Begin XCVersionGroup section */
		5BE03DFB2184B7FF0061BFC4 /* Virtual_Tourist.xcdatamodeld */ = {
			isa = XCVersionGroup;
			children = (
				5BE03DFC2184B7FF0061BFC4 /* Virtual_Tourist.xcdatamodel */,
			);
			currentVersion = 5BE03DFC2184B7FF0061BFC4 /* Virtual_Tourist.xcdatamodel */;
			path = Virtual_Tourist.xcdatamodeld;
			sourceTree = "<group>";
			versionGroupType = wrapper.xcdatamodel;
		};
/* End XCVersionGroup section */
	};
	rootObject = 5BB53D48216459AE002F8202 /* Project object */;
}
